{
  "pins" : [
    {
      "identity" : "dotenv",
      "kind" : "remoteSourceControl",
      "location" : "https://github.com/swiftpackages/DotEnv.git",
      "state" : {
        "revision" : "1f15bb9de727d694af1d003a1a5d7a553752850f",
        "version" : "3.0.0"
      }
    },
    {
      "identity" : "swift-atomics",
      "kind" : "remoteSourceControl",
      "location" : "https://github.com/apple/swift-atomics.git",
      "state" : {
        "revision" : "919eb1d83e02121cdb434c7bfc1f0c66ef17febe",
        "version" : "1.0.2"
      }
    },
    {
      "identity" : "swift-nio",
      "kind" : "remoteSourceControl",
      "location" : "https://github.com/apple/swift-nio.git",
      "state" : {
        "revision" : "b4e0a274f7f34210e97e2f2c50ab02a10b549250",
        "version" : "2.41.1"
      }
    },
    {
      "identity" : "twift",
      "kind" : "remoteSourceControl",
      "location" : "https://github.com/daneden/Twift.git",
      "state" : {
        "revision" : "4f375f5763412ecffc5c8397b3d1a1ea8190595b",
        "version" : "0.2.2"
      }
    }
  ],
  "version" : 2
}
